
Microsoft Visual Studio Solution File, Format Version 12.00
# Visual Studio 15
VisualStudioVersion = 15.0.28307.1758
MinimumVisualStudioVersion = 10.0.40219.1
Project("{9A19103F-16F7-4668-BE54-9A1E7A4F7556}") = "MercadoLibre.WebApi", "MercadoLibre.WebApi\MercadoLibre.WebApi.csproj", "{182A4E86-425C-4626-B81A-72ABF9D2FAEF}"
EndProject
Project("{9A19103F-16F7-4668-BE54-9A1E7A4F7556}") = "MercadoLibre.Business", "MercadoLibre.Business\MercadoLibre.Business.csproj", "{438AB587-4460-4725-9F54-781C8657D887}"
EndProject
Project("{9A19103F-16F7-4668-BE54-9A1E7A4F7556}") = "MercadoLibre.Domain", "MercadoLibre.Domain\MercadoLibre.Domain.csproj", "{ACE07FC8-8406-43B2-86F6-D5FC0A073359}"
EndProject
Project("{9A19103F-16F7-4668-BE54-9A1E7A4F7556}") = "MercadoLibre.DataAccess", "MercadoLibre.DataAccess\MercadoLibre.DataAccess.csproj", "{5CBC2532-2F83-4E5A-8A94-940A622C2D92}"
EndProject
Global
	GlobalSection(SolutionConfigurationPlatforms) = preSolution
		Debug|Any CPU = Debug|Any CPU
		Release|Any CPU = Release|Any CPU
	EndGlobalSection
	GlobalSection(ProjectConfigurationPlatforms) = postSolution
		{182A4E86-425C-4626-B81A-72ABF9D2FAEF}.Debug|Any CPU.ActiveCfg = Debug|Any CPU
		{182A4E86-425C-4626-B81A-72ABF9D2FAEF}.Debug|Any CPU.Build.0 = Debug|Any CPU
		{182A4E86-425C-4626-B81A-72ABF9D2FAEF}.Release|Any CPU.ActiveCfg = Release|Any CPU
		{182A4E86-425C-4626-B81A-72ABF9D2FAEF}.Release|Any CPU.Build.0 = Release|Any CPU
		{438AB587-4460-4725-9F54-781C8657D887}.Debug|Any CPU.ActiveCfg = Debug|Any CPU
		{438AB587-4460-4725-9F54-781C8657D887}.Debug|Any CPU.Build.0 = Debug|Any CPU
		{438AB587-4460-4725-9F54-781C8657D887}.Release|Any CPU.ActiveCfg = Release|Any CPU
		{438AB587-4460-4725-9F54-781C8657D887}.Release|Any CPU.Build.0 = Release|Any CPU
		{ACE07FC8-8406-43B2-86F6-D5FC0A073359}.Debug|Any CPU.ActiveCfg = Debug|Any CPU
		{ACE07FC8-8406-43B2-86F6-D5FC0A073359}.Debug|Any CPU.Build.0 = Debug|Any CPU
		{ACE07FC8-8406-43B2-86F6-D5FC0A073359}.Release|Any CPU.ActiveCfg = Release|Any CPU
		{ACE07FC8-8406-43B2-86F6-D5FC0A073359}.Release|Any CPU.Build.0 = Release|Any CPU
		{5CBC2532-2F83-4E5A-8A94-940A622C2D92}.Debug|Any CPU.ActiveCfg = Debug|Any CPU
		{5CBC2532-2F83-4E5A-8A94-940A622C2D92}.Debug|Any CPU.Build.0 = Debug|Any CPU
		{5CBC2532-2F83-4E5A-8A94-940A622C2D92}.Release|Any CPU.ActiveCfg = Release|Any CPU
		{5CBC2532-2F83-4E5A-8A94-940A622C2D92}.Release|Any CPU.Build.0 = Release|Any CPU
	EndGlobalSection
	GlobalSection(SolutionProperties) = preSolution
		HideSolutionNode = FALSE
	EndGlobalSection
	GlobalSection(ExtensibilityGlobals) = postSolution
		SolutionGuid = {0AFC7E42-55C2-4BE7-9434-0279BE330830}
	EndGlobalSection
EndGlobal
